
Microsoft Visual Studio Solution File, Format Version 12.00
# Visual Studio 15
VisualStudioVersion = 15.0.27004.2009
MinimumVisualStudioVersion = 10.0.40219.1
Project("{9A19103F-16F7-4668-BE54-9A1E7A4F7556}") = "Settings", "Settings\Settings.csproj", "{BBE8E463-EBE2-4FAB-B321-C02B6BE227AD}"
EndProject
Project("{9A19103F-16F7-4668-BE54-9A1E7A4F7556}") = "Settings.Tests", "Settings.Tests\Settings.Tests.csproj", "{B33F0F1D-9778-47B6-AC7F-91A676FA8383}"
EndProject
Global
	GlobalSection(SolutionConfigurationPlatforms) = preSolution
		Debug|Any CPU = Debug|Any CPU
		Release|Any CPU = Release|Any CPU
	EndGlobalSection
	GlobalSection(ProjectConfigurationPlatforms) = postSolution
		{BBE8E463-EBE2-4FAB-B321-C02B6BE227AD}.Debug|Any CPU.ActiveCfg = Debug|Any CPU
		{BBE8E463-EBE2-4FAB-B321-C02B6BE227AD}.Debug|Any CPU.Build.0 = Debug|Any CPU
		{BBE8E463-EBE2-4FAB-B321-C02B6BE227AD}.Release|Any CPU.ActiveCfg = Release|Any CPU
		{BBE8E463-EBE2-4FAB-B321-C02B6BE227AD}.Release|Any CPU.Build.0 = Release|Any CPU
		{B33F0F1D-9778-47B6-AC7F-91A676FA8383}.Debug|Any CPU.ActiveCfg = Debug|Any CPU
		{B33F0F1D-9778-47B6-AC7F-91A676FA8383}.Debug|Any CPU.Build.0 = Debug|Any CPU
		{B33F0F1D-9778-47B6-AC7F-91A676FA8383}.Release|Any CPU.ActiveCfg = Release|Any CPU
		{B33F0F1D-9778-47B6-AC7F-91A676FA8383}.Release|Any CPU.Build.0 = Release|Any CPU
	EndGlobalSection
	GlobalSection(SolutionProperties) = preSolution
		HideSolutionNode = FALSE
	EndGlobalSection
	GlobalSection(ExtensibilityGlobals) = postSolution
		SolutionGuid = {B70A88D6-832C-4176-A30A-9F35B9CE1EC3}
	EndGlobalSection
EndGlobal
